
Microsoft Visual Studio Solution File, Format Version 12.00
# Visual Studio 14
VisualStudioVersion = 14.0.25420.1
MinimumVisualStudioVersion = 10.0.40219.1
Project("{FAE04EC0-301F-11D3-BF4B-00C04F79EFBC}") = "Viikkotehtava", "Viikkotehtava\Viikkotehtava.csproj", "{981A0388-B17D-4E36-9932-96CBDC6F1419}"
EndProject
Project("{FAE04EC0-301F-11D3-BF4B-00C04F79EFBC}") = "tehtava 2", "tehtava 2\tehtava 2.csproj", "{A309D464-E3B8-48FD-AA85-A2A77EEE8872}"
EndProject
Project("{FAE04EC0-301F-11D3-BF4B-00C04F79EFBC}") = "Tehtava 3", "Tehtava 3\Tehtava 3.csproj", "{20BAF169-AD65-42EC-8042-2356184649A3}"
EndProject
Project("{FAE04EC0-301F-11D3-BF4B-00C04F79EFBC}") = "Tehtava 4", "Tehtava 4\Tehtava 4.csproj", "{963A6F32-BDAF-4519-8538-FBDB58BC2F8C}"
EndProject
Project("{FAE04EC0-301F-11D3-BF4B-00C04F79EFBC}") = "tehtava 5", "tehtava 5\tehtava 5.csproj", "{77E8B107-A09E-4BC6-B187-2C5541C60C4E}"
EndProject
Project("{FAE04EC0-301F-11D3-BF4B-00C04F79EFBC}") = "tehtava 6", "tehtava 6\tehtava 6.csproj", "{4B15806D-15BB-4EF7-AE99-1608849C609A}"
EndProject
Project("{FAE04EC0-301F-11D3-BF4B-00C04F79EFBC}") = "tehtava 7", "tehtava 7\tehtava 7.csproj", "{B7A5226A-D805-405A-9C54-5F1694581DD2}"
EndProject
Project("{FAE04EC0-301F-11D3-BF4B-00C04F79EFBC}") = "tehtava 8", "tehtava 8\tehtava 8.csproj", "{6F401C3C-D8EB-42D6-A1F1-BBDC82791CF1}"
EndProject
Project("{FAE04EC0-301F-11D3-BF4B-00C04F79EFBC}") = "tehtava 9", "tehtava 9\tehtava 9.csproj", "{ED5DFB63-331A-4DDD-8BC9-B8B92FD3F7D6}"
EndProject
Project("{FAE04EC0-301F-11D3-BF4B-00C04F79EFBC}") = "Tehtava 10", "Tehtava 10\Tehtava 10.csproj", "{F969D02A-0E41-416F-A5CA-D5013764B3DE}"
EndProject
Project("{FAE04EC0-301F-11D3-BF4B-00C04F79EFBC}") = "Tehtava 11", "Tehtava 11\Tehtava 11.csproj", "{A21A2862-F8A8-4ADA-A9B7-DBC88D0216B1}"
EndProject
Project("{FAE04EC0-301F-11D3-BF4B-00C04F79EFBC}") = "Tehtava 12", "Tehtava 12\Tehtava 12.csproj", "{ADE9BD40-7EE1-4334-8FC5-D9153ECBCC7C}"
EndProject
Project("{FAE04EC0-301F-11D3-BF4B-00C04F79EFBC}") = "Tehtava 13", "Tehtava 13\Tehtava 13.csproj", "{A1F7DC70-ACC1-4EF6-A9C1-42ACFA9D0BAA}"
EndProject
Project("{FAE04EC0-301F-11D3-BF4B-00C04F79EFBC}") = "tehtava 14", "tehtava 14\tehtava 14.csproj", "{C4602945-DB0C-4AF0-931E-45626E83DD9F}"
EndProject
Project("{FAE04EC0-301F-11D3-BF4B-00C04F79EFBC}") = "tehtava 15", "tehtava 15\tehtava 15.csproj", "{2808DFB7-9BB2-49CC-8DED-604D15E8B37E}"
EndProject
Project("{FAE04EC0-301F-11D3-BF4B-00C04F79EFBC}") = "Tehtava 16", "Tehtava 16\Tehtava 16.csproj", "{D8239969-F97E-4CB3-BF20-9CCC778A3333}"
EndProject
Project("{FAE04EC0-301F-11D3-BF4B-00C04F79EFBC}") = "tehtava 17", "tehtava 17\tehtava 17.csproj", "{82169E7F-8E7C-4BF9-BD82-E7F047BC7032}"
EndProject
Project("{FAE04EC0-301F-11D3-BF4B-00C04F79EFBC}") = "harjoitus 18", "harjoitus 18\harjoitus 18.csproj", "{2060211A-C713-44B8-97EA-A523F1739AE0}"
EndProject
Project("{FAE04EC0-301F-11D3-BF4B-00C04F79EFBC}") = "harjoitus 19", "harjoitus 19\harjoitus 19.csproj", "{DC602E8A-81D8-4E88-BC82-70383BE4E50E}"
EndProject
Global
	GlobalSection(SolutionConfigurationPlatforms) = preSolution
		Debug|Any CPU = Debug|Any CPU
		Release|Any CPU = Release|Any CPU
	EndGlobalSection
	GlobalSection(ProjectConfigurationPlatforms) = postSolution
		{981A0388-B17D-4E36-9932-96CBDC6F1419}.Debug|Any CPU.ActiveCfg = Debug|Any CPU
		{981A0388-B17D-4E36-9932-96CBDC6F1419}.Debug|Any CPU.Build.0 = Debug|Any CPU
		{981A0388-B17D-4E36-9932-96CBDC6F1419}.Release|Any CPU.ActiveCfg = Release|Any CPU
		{981A0388-B17D-4E36-9932-96CBDC6F1419}.Release|Any CPU.Build.0 = Release|Any CPU
		{A309D464-E3B8-48FD-AA85-A2A77EEE8872}.Debug|Any CPU.ActiveCfg = Debug|Any CPU
		{A309D464-E3B8-48FD-AA85-A2A77EEE8872}.Debug|Any CPU.Build.0 = Debug|Any CPU
		{A309D464-E3B8-48FD-AA85-A2A77EEE8872}.Release|Any CPU.ActiveCfg = Release|Any CPU
		{A309D464-E3B8-48FD-AA85-A2A77EEE8872}.Release|Any CPU.Build.0 = Release|Any CPU
		{20BAF169-AD65-42EC-8042-2356184649A3}.Debug|Any CPU.ActiveCfg = Debug|Any CPU
		{20BAF169-AD65-42EC-8042-2356184649A3}.Debug|Any CPU.Build.0 = Debug|Any CPU
		{20BAF169-AD65-42EC-8042-2356184649A3}.Release|Any CPU.ActiveCfg = Release|Any CPU
		{20BAF169-AD65-42EC-8042-2356184649A3}.Release|Any CPU.Build.0 = Release|Any CPU
		{963A6F32-BDAF-4519-8538-FBDB58BC2F8C}.Debug|Any CPU.ActiveCfg = Debug|Any CPU
		{963A6F32-BDAF-4519-8538-FBDB58BC2F8C}.Debug|Any CPU.Build.0 = Debug|Any CPU
		{963A6F32-BDAF-4519-8538-FBDB58BC2F8C}.Release|Any CPU.ActiveCfg = Release|Any CPU
		{963A6F32-BDAF-4519-8538-FBDB58BC2F8C}.Release|Any CPU.Build.0 = Release|Any CPU
		{77E8B107-A09E-4BC6-B187-2C5541C60C4E}.Debug|Any CPU.ActiveCfg = Debug|Any CPU
		{77E8B107-A09E-4BC6-B187-2C5541C60C4E}.Debug|Any CPU.Build.0 = Debug|Any CPU
		{77E8B107-A09E-4BC6-B187-2C5541C60C4E}.Release|Any CPU.ActiveCfg = Release|Any CPU
		{77E8B107-A09E-4BC6-B187-2C5541C60C4E}.Release|Any CPU.Build.0 = Release|Any CPU
		{4B15806D-15BB-4EF7-AE99-1608849C609A}.Debug|Any CPU.ActiveCfg = Debug|Any CPU
		{4B15806D-15BB-4EF7-AE99-1608849C609A}.Debug|Any CPU.Build.0 = Debug|Any CPU
		{4B15806D-15BB-4EF7-AE99-1608849C609A}.Release|Any CPU.ActiveCfg = Release|Any CPU
		{4B15806D-15BB-4EF7-AE99-1608849C609A}.Release|Any CPU.Build.0 = Release|Any CPU
		{B7A5226A-D805-405A-9C54-5F1694581DD2}.Debug|Any CPU.ActiveCfg = Debug|Any CPU
		{B7A5226A-D805-405A-9C54-5F1694581DD2}.Debug|Any CPU.Build.0 = Debug|Any CPU
		{B7A5226A-D805-405A-9C54-5F1694581DD2}.Release|Any CPU.ActiveCfg = Release|Any CPU
		{B7A5226A-D805-405A-9C54-5F1694581DD2}.Release|Any CPU.Build.0 = Release|Any CPU
		{6F401C3C-D8EB-42D6-A1F1-BBDC82791CF1}.Debug|Any CPU.ActiveCfg = Debug|Any CPU
		{6F401C3C-D8EB-42D6-A1F1-BBDC82791CF1}.Debug|Any CPU.Build.0 = Debug|Any CPU
		{6F401C3C-D8EB-42D6-A1F1-BBDC82791CF1}.Release|Any CPU.ActiveCfg = Release|Any CPU
		{6F401C3C-D8EB-42D6-A1F1-BBDC82791CF1}.Release|Any CPU.Build.0 = Release|Any CPU
		{ED5DFB63-331A-4DDD-8BC9-B8B92FD3F7D6}.Debug|Any CPU.ActiveCfg = Debug|Any CPU
		{ED5DFB63-331A-4DDD-8BC9-B8B92FD3F7D6}.Debug|Any CPU.Build.0 = Debug|Any CPU
		{ED5DFB63-331A-4DDD-8BC9-B8B92FD3F7D6}.Release|Any CPU.ActiveCfg = Release|Any CPU
		{ED5DFB63-331A-4DDD-8BC9-B8B92FD3F7D6}.Release|Any CPU.Build.0 = Release|Any CPU
		{F969D02A-0E41-416F-A5CA-D5013764B3DE}.Debug|Any CPU.ActiveCfg = Debug|Any CPU
		{F969D02A-0E41-416F-A5CA-D5013764B3DE}.Debug|Any CPU.Build.0 = Debug|Any CPU
		{F969D02A-0E41-416F-A5CA-D5013764B3DE}.Release|Any CPU.ActiveCfg = Release|Any CPU
		{F969D02A-0E41-416F-A5CA-D5013764B3DE}.Release|Any CPU.Build.0 = Release|Any CPU
		{A21A2862-F8A8-4ADA-A9B7-DBC88D0216B1}.Debug|Any CPU.ActiveCfg = Debug|Any CPU
		{A21A2862-F8A8-4ADA-A9B7-DBC88D0216B1}.Debug|Any CPU.Build.0 = Debug|Any CPU
		{A21A2862-F8A8-4ADA-A9B7-DBC88D0216B1}.Release|Any CPU.ActiveCfg = Release|Any CPU
		{A21A2862-F8A8-4ADA-A9B7-DBC88D0216B1}.Release|Any CPU.Build.0 = Release|Any CPU
		{ADE9BD40-7EE1-4334-8FC5-D9153ECBCC7C}.Debug|Any CPU.ActiveCfg = Debug|Any CPU
		{ADE9BD40-7EE1-4334-8FC5-D9153ECBCC7C}.Debug|Any CPU.Build.0 = Debug|Any CPU
		{ADE9BD40-7EE1-4334-8FC5-D9153ECBCC7C}.Release|Any CPU.ActiveCfg = Release|Any CPU
		{ADE9BD40-7EE1-4334-8FC5-D9153ECBCC7C}.Release|Any CPU.Build.0 = Release|Any CPU
		{A1F7DC70-ACC1-4EF6-A9C1-42ACFA9D0BAA}.Debug|Any CPU.ActiveCfg = Debug|Any CPU
		{A1F7DC70-ACC1-4EF6-A9C1-42ACFA9D0BAA}.Debug|Any CPU.Build.0 = Debug|Any CPU
		{A1F7DC70-ACC1-4EF6-A9C1-42ACFA9D0BAA}.Release|Any CPU.ActiveCfg = Release|Any CPU
		{A1F7DC70-ACC1-4EF6-A9C1-42ACFA9D0BAA}.Release|Any CPU.Build.0 = Release|Any CPU
		{C4602945-DB0C-4AF0-931E-45626E83DD9F}.Debug|Any CPU.ActiveCfg = Debug|Any CPU
		{C4602945-DB0C-4AF0-931E-45626E83DD9F}.Debug|Any CPU.Build.0 = Debug|Any CPU
		{C4602945-DB0C-4AF0-931E-45626E83DD9F}.Release|Any CPU.ActiveCfg = Release|Any CPU
		{C4602945-DB0C-4AF0-931E-45626E83DD9F}.Release|Any CPU.Build.0 = Release|Any CPU
		{2808DFB7-9BB2-49CC-8DED-604D15E8B37E}.Debug|Any CPU.ActiveCfg = Debug|Any CPU
		{2808DFB7-9BB2-49CC-8DED-604D15E8B37E}.Debug|Any CPU.Build.0 = Debug|Any CPU
		{2808DFB7-9BB2-49CC-8DED-604D15E8B37E}.Release|Any CPU.ActiveCfg = Release|Any CPU
		{2808DFB7-9BB2-49CC-8DED-604D15E8B37E}.Release|Any CPU.Build.0 = Release|Any CPU
		{D8239969-F97E-4CB3-BF20-9CCC778A3333}.Debug|Any CPU.ActiveCfg = Debug|Any CPU
		{D8239969-F97E-4CB3-BF20-9CCC778A3333}.Debug|Any CPU.Build.0 = Debug|Any CPU
		{D8239969-F97E-4CB3-BF20-9CCC778A3333}.Release|Any CPU.ActiveCfg = Release|Any CPU
		{D8239969-F97E-4CB3-BF20-9CCC778A3333}.Release|Any CPU.Build.0 = Release|Any CPU
		{82169E7F-8E7C-4BF9-BD82-E7F047BC7032}.Debug|Any CPU.ActiveCfg = Debug|Any CPU
		{82169E7F-8E7C-4BF9-BD82-E7F047BC7032}.Debug|Any CPU.Build.0 = Debug|Any CPU
		{82169E7F-8E7C-4BF9-BD82-E7F047BC7032}.Release|Any CPU.ActiveCfg = Release|Any CPU
		{82169E7F-8E7C-4BF9-BD82-E7F047BC7032}.Release|Any CPU.Build.0 = Release|Any CPU
		{2060211A-C713-44B8-97EA-A523F1739AE0}.Debug|Any CPU.ActiveCfg = Debug|Any CPU
		{2060211A-C713-44B8-97EA-A523F1739AE0}.Debug|Any CPU.Build.0 = Debug|Any CPU
		{2060211A-C713-44B8-97EA-A523F1739AE0}.Release|Any CPU.ActiveCfg = Release|Any CPU
		{2060211A-C713-44B8-97EA-A523F1739AE0}.Release|Any CPU.Build.0 = Release|Any CPU
		{DC602E8A-81D8-4E88-BC82-70383BE4E50E}.Debug|Any CPU.ActiveCfg = Debug|Any CPU
		{DC602E8A-81D8-4E88-BC82-70383BE4E50E}.Debug|Any CPU.Build.0 = Debug|Any CPU
		{DC602E8A-81D8-4E88-BC82-70383BE4E50E}.Release|Any CPU.ActiveCfg = Release|Any CPU
		{DC602E8A-81D8-4E88-BC82-70383BE4E50E}.Release|Any CPU.Build.0 = Release|Any CPU
	EndGlobalSection
	GlobalSection(SolutionProperties) = preSolution
		HideSolutionNode = FALSE
	EndGlobalSection
EndGlobal
